// !$*UTF8*$!
{
	archiveVersion = 1;
	classes = {
	};
	objectVersion = 50;
	objects = {

/* Begin PBXBuildFile section */
		C1E828BE2147F2C900DCBD58 /* AppDelegate.swift in Sources */ = {isa = PBXBuildFile; fileRef = C1E828BD2147F2C900DCBD58 /* AppDelegate.swift */; };
		C1E828C02147F2C900DCBD58 /* ViewController.swift in Sources */ = {isa = PBXBuildFile; fileRef = C1E828BF2147F2C900DCBD58 /* ViewController.swift */; };
		C1E828C32147F2C900DCBD58 /* Main.storyboard in Resources */ = {isa = PBXBuildFile; fileRef = C1E828C12147F2C900DCBD58 /* Main.storyboard */; };
		C1E828C52147F2CA00DCBD58 /* Assets.xcassets in Resources */ = {isa = PBXBuildFile; fileRef = C1E828C42147F2CA00DCBD58 /* Assets.xcassets */; };
		C1E828C82147F2CA00DCBD58 /* LaunchScreen.storyboard in Resources */ = {isa = PBXBuildFile; fileRef = C1E828C62147F2CA00DCBD58 /* LaunchScreen.storyboard */; };
		C1E828D82147FDE800DCBD58 /* SearchPlaces.swift in Sources */ = {isa = PBXBuildFile; fileRef = C1E828D72147FDE800DCBD58 /* SearchPlaces.swift */; };
		C1E828DA2147FE8900DCBD58 /* GooglePlacesModel.swift in Sources */ = {isa = PBXBuildFile; fileRef = C1E828D92147FE8900DCBD58 /* GooglePlacesModel.swift */; };
		C1E828DD214812D300DCBD58 /* CoreLocation.framework in Frameworks */ = {isa = PBXBuildFile; fileRef = C1E828DC214812D300DCBD58 /* CoreLocation.framework */; };
		C1E828DF214816F000DCBD58 /* Location.swift in Sources */ = {isa = PBXBuildFile; fileRef = C1E828DE214816F000DCBD58 /* Location.swift */; };
		C1E828E12148194500DCBD58 /* SunsetSunriseInfo.swift in Sources */ = {isa = PBXBuildFile; fileRef = C1E828E02148194500DCBD58 /* SunsetSunriseInfo.swift */; };
		C1E828E32148197000DCBD58 /* SunsetSunriseInfoMenager.swift in Sources */ = {isa = PBXBuildFile; fileRef = C1E828E22148197000DCBD58 /* SunsetSunriseInfoMenager.swift */; };
		C1E828E72148244D00DCBD58 /* ViewControllerViewModel.swift in Sources */ = {isa = PBXBuildFile; fileRef = C1E828E62148244D00DCBD58 /* ViewControllerViewModel.swift */; };
		C1F38924214850DB00699AA2 /* UILabelExtention.swift in Sources */ = {isa = PBXBuildFile; fileRef = C1F38923214850DB00699AA2 /* UILabelExtention.swift */; };
/* End PBXBuildFile section */

/* Begin PBXFileReference section */
		C1E828BA2147F2C900DCBD58 /* SunsetSunrise.app */ = {isa = PBXFileReference; explicitFileType = wrapper.application; includeInIndex = 0; path = SunsetSunrise.app; sourceTree = BUILT_PRODUCTS_DIR; };
		C1E828BD2147F2C900DCBD58 /* AppDelegate.swift */ = {isa = PBXFileReference; lastKnownFileType = sourcecode.swift; path = AppDelegate.swift; sourceTree = "<group>"; };
		C1E828BF2147F2C900DCBD58 /* ViewController.swift */ = {isa = PBXFileReference; lastKnownFileType = sourcecode.swift; path = ViewController.swift; sourceTree = "<group>"; };
		C1E828C22147F2C900DCBD58 /* Base */ = {isa = PBXFileReference; lastKnownFileType = file.storyboard; name = Base; path = Base.lproj/Main.storyboard; sourceTree = "<group>"; };
		C1E828C42147F2CA00DCBD58 /* Assets.xcassets */ = {isa = PBXFileReference; lastKnownFileType = folder.assetcatalog; path = Assets.xcassets; sourceTree = "<group>"; };
		C1E828C72147F2CA00DCBD58 /* Base */ = {isa = PBXFileReference; lastKnownFileType = file.storyboard; name = Base; path = Base.lproj/LaunchScreen.storyboard; sourceTree = "<group>"; };
		C1E828C92147F2CA00DCBD58 /* Info.plist */ = {isa = PBXFileReference; lastKnownFileType = text.plist.xml; path = Info.plist; sourceTree = "<group>"; };
		C1E828D72147FDE800DCBD58 /* SearchPlaces.swift */ = {isa = PBXFileReference; lastKnownFileType = sourcecode.swift; path = SearchPlaces.swift; sourceTree = "<group>"; };
		C1E828D92147FE8900DCBD58 /* GooglePlacesModel.swift */ = {isa = PBXFileReference; lastKnownFileType = sourcecode.swift; path = GooglePlacesModel.swift; sourceTree = "<group>"; };
		C1E828DC214812D300DCBD58 /* CoreLocation.framework */ = {isa = PBXFileReference; lastKnownFileType = wrapper.framework; name = CoreLocation.framework; path = System/Library/Frameworks/CoreLocation.framework; sourceTree = SDKROOT; };
		C1E828DE214816F000DCBD58 /* Location.swift */ = {isa = PBXFileReference; lastKnownFileType = sourcecode.swift; path = Location.swift; sourceTree = "<group>"; };
		C1E828E02148194500DCBD58 /* SunsetSunriseInfo.swift */ = {isa = PBXFileReference; lastKnownFileType = sourcecode.swift; path = SunsetSunriseInfo.swift; sourceTree = "<group>"; };
		C1E828E22148197000DCBD58 /* SunsetSunriseInfoMenager.swift */ = {isa = PBXFileReference; lastKnownFileType = sourcecode.swift; path = SunsetSunriseInfoMenager.swift; sourceTree = "<group>"; };
		C1E828E62148244D00DCBD58 /* ViewControllerViewModel.swift */ = {isa = PBXFileReference; lastKnownFileType = sourcecode.swift; path = ViewControllerViewModel.swift; sourceTree = "<group>"; };
		C1F38923214850DB00699AA2 /* UILabelExtention.swift */ = {isa = PBXFileReference; lastKnownFileType = sourcecode.swift; path = UILabelExtention.swift; sourceTree = "<group>"; };
/* End PBXFileReference section */

/* Begin PBXFrameworksBuildPhase section */
		C1E828B72147F2C900DCBD58 /* Frameworks */ = {
			isa = PBXFrameworksBuildPhase;
			buildActionMask = 2147483647;
			files = (
				C1E828DD214812D300DCBD58 /* CoreLocation.framework in Frameworks */,
			);
			runOnlyForDeploymentPostprocessing = 0;
		};
/* End PBXFrameworksBuildPhase section */

/* Begin PBXGroup section */
		C1E828B12147F2C900DCBD58 = {
			isa = PBXGroup;
			children = (
				C1E828BC2147F2C900DCBD58 /* SunsetSunrise */,
				C1E828BB2147F2C900DCBD58 /* Products */,
				C1E828DB214812D300DCBD58 /* Frameworks */,
			);
			sourceTree = "<group>";
		};
		C1E828BB2147F2C900DCBD58 /* Products */ = {
			isa = PBXGroup;
			children = (
				C1E828BA2147F2C900DCBD58 /* SunsetSunrise.app */,
			);
			name = Products;
			sourceTree = "<group>";
		};
		C1E828BC2147F2C900DCBD58 /* SunsetSunrise */ = {
			isa = PBXGroup;
			children = (
				C1E828D62147FDAB00DCBD58 /* Models */,
				C1E828BD2147F2C900DCBD58 /* AppDelegate.swift */,
				C1E828BF2147F2C900DCBD58 /* ViewController.swift */,
				C1E828C12147F2C900DCBD58 /* Main.storyboard */,
				C1E828C42147F2CA00DCBD58 /* Assets.xcassets */,
				C1E828C62147F2CA00DCBD58 /* LaunchScreen.storyboard */,
				C1E828C92147F2CA00DCBD58 /* Info.plist */,
			);
			path = SunsetSunrise;
			sourceTree = "<group>";
		};
		C1E828D62147FDAB00DCBD58 /* Models */ = {
			isa = PBXGroup;
			children = (
				C1E828D72147FDE800DCBD58 /* SearchPlaces.swift */,
				C1E828D92147FE8900DCBD58 /* GooglePlacesModel.swift */,
				C1E828DE214816F000DCBD58 /* Location.swift */,
				C1E828E02148194500DCBD58 /* SunsetSunriseInfo.swift */,
				C1E828E22148197000DCBD58 /* SunsetSunriseInfoMenager.swift */,
				C1E828E62148244D00DCBD58 /* ViewControllerViewModel.swift */,
				C1F38923214850DB00699AA2 /* UILabelExtention.swift */,
			);
			path = Models;
			sourceTree = "<group>";
		};
		C1E828DB214812D300DCBD58 /* Frameworks */ = {
			isa = PBXGroup;
			children = (
				C1E828DC214812D300DCBD58 /* CoreLocation.framework */,
			);
			name = Frameworks;
			sourceTree = "<group>";
		};
/* End PBXGroup section */

/* Begin PBXNativeTarget section */
		C1E828B92147F2C900DCBD58 /* SunsetSunrise */ = {
			isa = PBXNativeTarget;
			buildConfigurationList = C1E828CC2147F2CA00DCBD58 /* Build configuration list for PBXNativeTarget "SunsetSunrise" */;
			buildPhases = (
				C1E828B62147F2C900DCBD58 /* Sources */,
				C1E828B72147F2C900DCBD58 /* Frameworks */,
				C1E828B82147F2C900DCBD58 /* Resources */,
			);
			buildRules = (
			);
			dependencies = (
			);
			name = SunsetSunrise;
			productName = SunsetSunrise;
			productReference = C1E828BA2147F2C900DCBD58 /* SunsetSunrise.app */;
			productType = "com.apple.product-type.application";
		};
/* End PBXNativeTarget section */

/* Begin PBXProject section */
		C1E828B22147F2C900DCBD58 /* Project object */ = {
			isa = PBXProject;
			attributes = {
				LastSwiftUpdateCheck = 0940;
				LastUpgradeCheck = 0940;
				ORGANIZATIONNAME = Kolos;
				TargetAttributes = {
					C1E828B92147F2C900DCBD58 = {
						CreatedOnToolsVersion = 9.4.1;
					};
				};
			};
			buildConfigurationList = C1E828B52147F2C900DCBD58 /* Build configuration list for PBXProject "SunsetSunrise" */;
			compatibilityVersion = "Xcode 9.3";
			developmentRegion = en;
			hasScannedForEncodings = 0;
			knownRegions = (
				en,
				Base,
			);
			mainGroup = C1E828B12147F2C900DCBD58;
			productRefGroup = C1E828BB2147F2C900DCBD58 /* Products */;
			projectDirPath = "";
			projectRoot = "";
			targets = (
				C1E828B92147F2C900DCBD58 /* SunsetSunrise */,
			);
		};
/* End PBXProject section */

/* Begin PBXResourcesBuildPhase section */
		C1E828B82147F2C900DCBD58 /* Resources */ = {
			isa = PBXResourcesBuildPhase;
			buildActionMask = 2147483647;
			files = (
				C1E828C82147F2CA00DCBD58 /* LaunchScreen.storyboard in Resources */,
				C1E828C52147F2CA00DCBD58 /* Assets.xcassets in Resources */,
				C1E828C32147F2C900DCBD58 /* Main.storyboard in Resources */,
			);
			runOnlyForDeploymentPostprocessing = 0;
		};
/* End PBXResourcesBuildPhase section */

/* Begin PBXSourcesBuildPhase section */
		C1E828B62147F2C900DCBD58 /* Sources */ = {
			isa = PBXSourcesBuildPhase;
			buildActionMask = 2147483647;
			files = (
				C1E828DA2147FE8900DCBD58 /* GooglePlacesModel.swift in Sources */,
				C1E828C02147F2C900DCBD58 /* ViewController.swift in Sources */,
				C1E828DF214816F000DCBD58 /* Location.swift in Sources */,
				C1F38924214850DB00699AA2 /* UILabelExtention.swift in Sources */,
				C1E828E72148244D00DCBD58 /* ViewControllerViewModel.swift in Sources */,
				C1E828BE2147F2C900DCBD58 /* AppDelegate.swift in Sources */,
				C1E828D82147FDE800DCBD58 /* SearchPlaces.swift in Sources */,
				C1E828E12148194500DCBD58 /* SunsetSunriseInfo.swift in Sources */,
				C1E828E32148197000DCBD58 /* SunsetSunriseInfoMenager.swift in Sources */,
			);
			runOnlyForDeploymentPostprocessing = 0;
		};
/* End PBXSourcesBuildPhase section */

/* Begin PBXVariantGroup section */
		C1E828C12147F2C900DCBD58 /* Main.storyboard */ = {
			isa = PBXVariantGroup;
			children = (
				C1E828C22147F2C900DCBD58 /* Base */,
			);
			name = Main.storyboard;
			sourceTree = "<group>";
		};
		C1E828C62147F2CA00DCBD58 /* LaunchScreen.storyboard */ = {
			isa = PBXVariantGroup;
			children = (
				C1E828C72147F2CA00DCBD58 /* Base */,
			);
			name = LaunchScreen.storyboard;
			sourceTree = "<group>";
		};
/* End PBXVariantGroup section */

/* Begin XCBuildConfiguration section */
		C1E828CA2147F2CA00DCBD58 /* Debug */ = {
			isa = XCBuildConfiguration;
			buildSettings = {
				ALWAYS_SEARCH_USER_PATHS = NO;
				CLANG_ANALYZER_NONNULL = YES;
				CLANG_ANALYZER_NUMBER_OBJECT_CONVERSION = YES_AGGRESSIVE;
				CLANG_CXX_LANGUAGE_STANDARD = "gnu++14";
				CLANG_CXX_LIBRARY = "libc++";
				CLANG_ENABLE_MODULES = YES;
				CLANG_ENABLE_OBJC_ARC = YES;
				CLANG_ENABLE_OBJC_WEAK = YES;
				CLANG_WARN_BLOCK_CAPTURE_AUTORELEASING = YES;
				CLANG_WARN_BOOL_CONVERSION = YES;
				CLANG_WARN_COMMA = YES;
				CLANG_WARN_CONSTANT_CONVERSION = YES;
				CLANG_WARN_DEPRECATED_OBJC_IMPLEMENTATIONS = YES;
				CLANG_WARN_DIRECT_OBJC_ISA_USAGE = YES_ERROR;
				CLANG_WARN_DOCUMENTATION_COMMENTS = YES;
				CLANG_WARN_EMPTY_BODY = YES;
				CLANG_WARN_ENUM_CONVERSION = YES;
				CLANG_WARN_INFINITE_RECURSION = YES;
				CLANG_WARN_INT_CONVERSION = YES;
				CLANG_WARN_NON_LITERAL_NULL_CONVERSION = YES;
				CLANG_WARN_OBJC_IMPLICIT_RETAIN_SELF = YES;
				CLANG_WARN_OBJC_LITERAL_CONVERSION = YES;
				CLANG_WARN_OBJC_ROOT_CLASS = YES_ERROR;
				CLANG_WARN_RANGE_LOOP_ANALYSIS = YES;
				CLANG_WARN_STRICT_PROTOTYPES = YES;
				CLANG_WARN_SUSPICIOUS_MOVE = YES;
				CLANG_WARN_UNGUARDED_AVAILABILITY = YES_AGGRESSIVE;
				CLANG_WARN_UNREACHABLE_CODE = YES;
				CLANG_WARN__DUPLICATE_METHOD_MATCH = YES;
				CODE_SIGN_IDENTITY = "iPhone Developer";
				COPY_PHASE_STRIP = NO;
				DEBUG_INFORMATION_FORMAT = dwarf;
				ENABLE_STRICT_OBJC_MSGSEND = YES;
				ENABLE_TESTABILITY = YES;
				GCC_C_LANGUAGE_STANDARD = gnu11;
				GCC_DYNAMIC_NO_PIC = NO;
				GCC_NO_COMMON_BLOCKS = YES;
				GCC_OPTIMIZATION_LEVEL = 0;
				GCC_PREPROCESSOR_DEFINITIONS = (
					"DEBUG=1",
					"$(inherited)",
				);
				GCC_WARN_64_TO_32_BIT_CONVERSION = YES;
				GCC_WARN_ABOUT_RETURN_TYPE = YES_ERROR;
				GCC_WARN_UNDECLARED_SELECTOR = YES;
				GCC_WARN_UNINITIALIZED_AUTOS = YES_AGGRESSIVE;
				GCC_WARN_UNUSED_FUNCTION = YES;
				GCC_WARN_UNUSED_VARIABLE = YES;
				IPHONEOS_DEPLOYMENT_TARGET = 11.4;
				MTL_ENABLE_DEBUG_INFO = YES;
				ONLY_ACTIVE_ARCH = YES;
				SDKROOT = iphoneos;
				SWIFT_ACTIVE_COMPILATION_CONDITIONS = DEBUG;
				SWIFT_OPTIMIZATION_LEVEL = "-Onone";
			};
			name = Debug;
		};
		C1E828CB2147F2CA00DCBD58 /* Release */ = {
			isa = XCBuildConfiguration;
			buildSettings = {
				ALWAYS_SEARCH_USER_PATHS = NO;
				CLANG_ANALYZER_NONNULL = YES;
				CLANG_ANALYZER_NUMBER_OBJECT_CONVERSION = YES_AGGRESSIVE;
				CLANG_CXX_LANGUAGE_STANDARD = "gnu++14";
				CLANG_CXX_LIBRARY = "libc++";
				CLANG_ENABLE_MODULES = YES;
				CLANG_ENABLE_OBJC_ARC = YES;
				CLANG_ENABLE_OBJC_WEAK = YES;
				CLANG_WARN_BLOCK_CAPTURE_AUTORELEASING = YES;
				CLANG_WARN_BOOL_CONVERSION = YES;
				CLANG_WARN_COMMA = YES;
				CLANG_WARN_CONSTANT_CONVERSION = YES;
				CLANG_WARN_DEPRECATED_OBJC_IMPLEMENTATIONS = YES;
				CLANG_WARN_DIRECT_OBJC_ISA_USAGE = YES_ERROR;
				CLANG_WARN_DOCUMENTATION_COMMENTS = YES;
				CLANG_WARN_EMPTY_BODY = YES;
				CLANG_WARN_ENUM_CONVERSION = YES;
				CLANG_WARN_INFINITE_RECURSION = YES;
				CLANG_WARN_INT_CONVERSION = YES;
				CLANG_WARN_NON_LITERAL_NULL_CONVERSION = YES;
				CLANG_WARN_OBJC_IMPLICIT_RETAIN_SELF = YES;
				CLANG_WARN_OBJC_LITERAL_CONVERSION = YES;
				CLANG_WARN_OBJC_ROOT_CLASS = YES_ERROR;
				CLANG_WARN_RANGE_LOOP_ANALYSIS = YES;
				CLANG_WARN_STRICT_PROTOTYPES = YES;
				CLANG_WARN_SUSPICIOUS_MOVE = YES;
				CLANG_WARN_UNGUARDED_AVAILABILITY = YES_AGGRESSIVE;
				CLANG_WARN_UNREACHABLE_CODE = YES;
				CLANG_WARN__DUPLICATE_METHOD_MATCH = YES;
				CODE_SIGN_IDENTITY = "iPhone Developer";
				COPY_PHASE_STRIP = NO;
				DEBUG_INFORMATION_FORMAT = "dwarf-with-dsym";
				ENABLE_NS_ASSERTIONS = NO;
				ENABLE_STRICT_OBJC_MSGSEND = YES;
				GCC_C_LANGUAGE_STANDARD = gnu11;
				GCC_NO_COMMON_BLOCKS = YES;
				GCC_WARN_64_TO_32_BIT_CONVERSION = YES;
				GCC_WARN_ABOUT_RETURN_TYPE = YES_ERROR;
				GCC_WARN_UNDECLARED_SELECTOR = YES;
				GCC_WARN_UNINITIALIZED_AUTOS = YES_AGGRESSIVE;
				GCC_WARN_UNUSED_FUNCTION = YES;
				GCC_WARN_UNUSED_VARIABLE = YES;
				IPHONEOS_DEPLOYMENT_TARGET = 11.4;
				MTL_ENABLE_DEBUG_INFO = NO;
				SDKROOT = iphoneos;
				SWIFT_COMPILATION_MODE = wholemodule;
				SWIFT_OPTIMIZATION_LEVEL = "-O";
				VALIDATE_PRODUCT = YES;
			};
			name = Release;
		};
		C1E828CD2147F2CA00DCBD58 /* Debug */ = {
			isa = XCBuildConfiguration;
			buildSettings = {
				ASSETCATALOG_COMPILER_APPICON_NAME = AppIcon;
				CODE_SIGN_STYLE = Automatic;
				INFOPLIST_FILE = SunsetSunrise/Info.plist;
				LD_RUNPATH_SEARCH_PATHS = (
					"$(inherited)",
					"@executable_path/Frameworks",
				);
				PRODUCT_BUNDLE_IDENTIFIER = kolosqko.SunsetSunrise;
				PRODUCT_NAME = "$(TARGET_NAME)";
				SWIFT_VERSION = 4.0;
				TARGETED_DEVICE_FAMILY = "1,2";
			};
			name = Debug;
		};
		C1E828CE2147F2CA00DCBD58 /* Release */ = {
			isa = XCBuildConfiguration;
			buildSettings = {
				ASSETCATALOG_COMPILER_APPICON_NAME = AppIcon;
				CODE_SIGN_STYLE = Automatic;
				INFOPLIST_FILE = SunsetSunrise/Info.plist;
				LD_RUNPATH_SEARCH_PATHS = (
					"$(inherited)",
					"@executable_path/Frameworks",
				);
				PRODUCT_BUNDLE_IDENTIFIER = kolosqko.SunsetSunrise;
				PRODUCT_NAME = "$(TARGET_NAME)";
				SWIFT_VERSION = 4.0;
				TARGETED_DEVICE_FAMILY = "1,2";
			};
			name = Release;
		};
/* End XCBuildConfiguration section */

/* Begin XCConfigurationList section */
		C1E828B52147F2C900DCBD58 /* Build configuration list for PBXProject "SunsetSunrise" */ = {
			isa = XCConfigurationList;
			buildConfigurations = (
				C1E828CA2147F2CA00DCBD58 /* Debug */,
				C1E828CB2147F2CA00DCBD58 /* Release */,
			);
			defaultConfigurationIsVisible = 0;
			defaultConfigurationName = Release;
		};
		C1E828CC2147F2CA00DCBD58 /* Build configuration list for PBXNativeTarget "SunsetSunrise" */ = {
			isa = XCConfigurationList;
			buildConfigurations = (
				C1E828CD2147F2CA00DCBD58 /* Debug */,
				C1E828CE2147F2CA00DCBD58 /* Release */,
			);
			defaultConfigurationIsVisible = 0;
			defaultConfigurationName = Release;
		};
/* End XCConfigurationList section */
	};
	rootObject = C1E828B22147F2C900DCBD58 /* Project object */;
}
